dependencies:
- name: grafana
  repository: https://grafana.github.io/helm-charts
  version: 10.5.15
- name: loki
  repository: https://grafana.github.io/helm-charts
  version: 6.40.0
- name: promtail
  repository: https://grafana.github.io/helm-charts
  version: 6.17.1
- name: kube-state-metrics
  repository: https://prometheus-community.github.io/helm-charts
  version: 6.4.2
- name: prometheus-node-exporter
  repository: https://prometheus-community.github.io/helm-charts
  version: 4.53.1
- name: victoria-metrics-single
  repository: https://victoriametrics.github.io/helm-charts
  version: 0.24.6
digest: sha256:cf713b55a9d3560951c3a429e0aaad998b53210a427f7035aca3bfcde43b0878
generated: "2026-05-05T13:05:34.554267582Z"
